// !$*UTF8*$!
{
	archiveVersion = 1;
	classes = {
	};
	objectVersion = 56;
	objects = {

/* Begin PBXBuildFile section */
		7099B8852A7C8512007569BA /* LocalDataManager.swift in Sources */ = {isa = PBXBuildFile; fileRef = 7099B8842A7C8512007569BA /* LocalDataManager.swift */; };
		7099B8882A7C8C56007569BA /* WeatherModel.swift in Sources */ = {isa = PBXBuildFile; fileRef = 7099B8872A7C8C56007569BA /* WeatherModel.swift */; };
		7099B88A2A7C9233007569BA /* ImageManager.swift in Sources */ = {isa = PBXBuildFile; fileRef = 7099B8892A7C9233007569BA /* ImageManager.swift */; };
		8DC715412A7B544400B77783 /* WeatherViewModel.swift in Sources */ = {isa = PBXBuildFile; fileRef = 8DC715402A7B544400B77783 /* WeatherViewModel.swift */; };
		BB01A3822A782B560063BF1D /* AppDelegate.swift in Sources */ = {isa = PBXBuildFile; fileRef = BB01A3812A782B560063BF1D /* AppDelegate.swift */; };
		BB01A3842A782B560063BF1D /* SceneDelegate.swift in Sources */ = {isa = PBXBuildFile; fileRef = BB01A3832A782B560063BF1D /* SceneDelegate.swift */; };
		BB01A3892A782B560063BF1D /* Main.storyboard in Resources */ = {isa = PBXBuildFile; fileRef = BB01A3872A782B560063BF1D /* Main.storyboard */; };
		BB01A38B2A782B560063BF1D /* Assets.xcassets in Resources */ = {isa = PBXBuildFile; fileRef = BB01A38A2A782B560063BF1D /* Assets.xcassets */; };
		BB01A38E2A782B560063BF1D /* LaunchScreen.storyboard in Resources */ = {isa = PBXBuildFile; fileRef = BB01A38C2A782B560063BF1D /* LaunchScreen.storyboard */; };
		BB9D42062A78AE05004FA873 /* WeatherViewController.swift in Sources */ = {isa = PBXBuildFile; fileRef = BB9D42052A78AE05004FA873 /* WeatherViewController.swift */; };
		BB9D42082A79EE6C004FA873 /* LocationManager.swift in Sources */ = {isa = PBXBuildFile; fileRef = BB9D42072A79EE6C004FA873 /* LocationManager.swift */; };
		BB9D420E2A7A022B004FA873 /* WeatherListViewController.swift in Sources */ = {isa = PBXBuildFile; fileRef = BB9D420D2A7A022B004FA873 /* WeatherListViewController.swift */; };
		BB9D42112A7A0318004FA873 /* WeatherListTableViewCell.swift in Sources */ = {isa = PBXBuildFile; fileRef = BB9D420F2A7A0318004FA873 /* WeatherListTableViewCell.swift */; };
		BB9D42122A7A0318004FA873 /* WeatherListTableViewCell.xib in Resources */ = {isa = PBXBuildFile; fileRef = BB9D42102A7A0318004FA873 /* WeatherListTableViewCell.xib */; };
/* End PBXBuildFile section */

/* Begin PBXFileReference section */
		7099B8842A7C8512007569BA /* LocalDataManager.swift */ = {isa = PBXFileReference; lastKnownFileType = sourcecode.swift; path = LocalDataManager.swift; sourceTree = "<group>"; };
		7099B8872A7C8C56007569BA /* WeatherModel.swift */ = {isa = PBXFileReference; lastKnownFileType = sourcecode.swift; path = WeatherModel.swift; sourceTree = "<group>"; };
		7099B8892A7C9233007569BA /* ImageManager.swift */ = {isa = PBXFileReference; lastKnownFileType = sourcecode.swift; path = ImageManager.swift; sourceTree = "<group>"; };
		8DC715402A7B544400B77783 /* WeatherViewModel.swift */ = {isa = PBXFileReference; lastKnownFileType = sourcecode.swift; path = WeatherViewModel.swift; sourceTree = "<group>"; };
		BB01A37E2A782B560063BF1D /* WeatherApp.app */ = {isa = PBXFileReference; explicitFileType = wrapper.application; includeInIndex = 0; path = WeatherApp.app; sourceTree = BUILT_PRODUCTS_DIR; };
		BB01A3812A782B560063BF1D /* AppDelegate.swift */ = {isa = PBXFileReference; lastKnownFileType = sourcecode.swift; path = AppDelegate.swift; sourceTree = "<group>"; };
		BB01A3832A782B560063BF1D /* SceneDelegate.swift */ = {isa = PBXFileReference; lastKnownFileType = sourcecode.swift; path = SceneDelegate.swift; sourceTree = "<group>"; };
		BB01A3882A782B560063BF1D /* Base */ = {isa = PBXFileReference; lastKnownFileType = file.storyboard; name = Base; path = Base.lproj/Main.storyboard; sourceTree = "<group>"; };
		BB01A38A2A782B560063BF1D /* Assets.xcassets */ = {isa = PBXFileReference; lastKnownFileType = folder.assetcatalog; path = Assets.xcassets; sourceTree = "<group>"; };
		BB01A38D2A782B560063BF1D /* Base */ = {isa = PBXFileReference; lastKnownFileType = file.storyboard; name = Base; path = Base.lproj/LaunchScreen.storyboard; sourceTree = "<group>"; };
		BB01A38F2A782B560063BF1D /* Info.plist */ = {isa = PBXFileReference; lastKnownFileType = text.plist.xml; path = Info.plist; sourceTree = "<group>"; };
		BB9D42052A78AE05004FA873 /* WeatherViewController.swift */ = {isa = PBXFileReference; lastKnownFileType = sourcecode.swift; path = WeatherViewController.swift; sourceTree = "<group>"; };
		BB9D42072A79EE6C004FA873 /* LocationManager.swift */ = {isa = PBXFileReference; lastKnownFileType = sourcecode.swift; path = LocationManager.swift; sourceTree = "<group>"; };
		BB9D420D2A7A022B004FA873 /* WeatherListViewController.swift */ = {isa = PBXFileReference; lastKnownFileType = sourcecode.swift; path = WeatherListViewController.swift; sourceTree = "<group>"; };
		BB9D420F2A7A0318004FA873 /* WeatherListTableViewCell.swift */ = {isa = PBXFileReference; lastKnownFileType = sourcecode.swift; path = WeatherListTableViewCell.swift; sourceTree = "<group>"; };
		BB9D42102A7A0318004FA873 /* WeatherListTableViewCell.xib */ = {isa = PBXFileReference; lastKnownFileType = file.xib; path = WeatherListTableViewCell.xib; sourceTree = "<group>"; };
/* End PBXFileReference section */

/* Begin PBXFrameworksBuildPhase section */
		BB01A37B2A782B560063BF1D /* Frameworks */ = {
			isa = PBXFrameworksBuildPhase;
			buildActionMask = 2147483647;
			files = (
			);
			runOnlyForDeploymentPostprocessing = 0;
		};
/* End PBXFrameworksBuildPhase section */

/* Begin PBXGroup section */
		7099B8832A7C84E4007569BA /* Managers */ = {
			isa = PBXGroup;
			children = (
				BB9D42072A79EE6C004FA873 /* LocationManager.swift */,
				7099B8842A7C8512007569BA /* LocalDataManager.swift */,
				7099B8892A7C9233007569BA /* ImageManager.swift */,
			);
			path = Managers;
			sourceTree = "<group>";
		};
		7099B8862A7C8C47007569BA /* Models */ = {
			isa = PBXGroup;
			children = (
				7099B8872A7C8C56007569BA /* WeatherModel.swift */,
			);
			path = Models;
			sourceTree = "<group>";
		};
		BB01A3752A782B550063BF1D = {
			isa = PBXGroup;
			children = (
				BB01A3802A782B560063BF1D /* WeatherApp */,
				BB01A37F2A782B560063BF1D /* Products */,
			);
			sourceTree = "<group>";
		};
		BB01A37F2A782B560063BF1D /* Products */ = {
			isa = PBXGroup;
			children = (
				BB01A37E2A782B560063BF1D /* WeatherApp.app */,
			);
			name = Products;
			sourceTree = "<group>";
		};
		BB01A3802A782B560063BF1D /* WeatherApp */ = {
			isa = PBXGroup;
			children = (
				7099B8862A7C8C47007569BA /* Models */,
				BB9D420C2A7A0213004FA873 /* WeatherListView */,
				BB9D42092A79F1A1004FA873 /* WeatherView */,
				BB01A3812A782B560063BF1D /* AppDelegate.swift */,
				BB01A3832A782B560063BF1D /* SceneDelegate.swift */,
				BB01A3872A782B560063BF1D /* Main.storyboard */,
				BB01A38A2A782B560063BF1D /* Assets.xcassets */,
				BB01A38C2A782B560063BF1D /* LaunchScreen.storyboard */,
				BB01A38F2A782B560063BF1D /* Info.plist */,
				7099B8832A7C84E4007569BA /* Managers */,
			);
			path = WeatherApp;
			sourceTree = "<group>";
		};
		BB9D42092A79F1A1004FA873 /* WeatherView */ = {
			isa = PBXGroup;
			children = (
				BB9D42052A78AE05004FA873 /* WeatherViewController.swift */,
				8DC715402A7B544400B77783 /* WeatherViewModel.swift */,
			);
			path = WeatherView;
			sourceTree = "<group>";
		};
		BB9D420C2A7A0213004FA873 /* WeatherListView */ = {
			isa = PBXGroup;
			children = (
				BB9D420D2A7A022B004FA873 /* WeatherListViewController.swift */,
				BB9D420F2A7A0318004FA873 /* WeatherListTableViewCell.swift */,
				BB9D42102A7A0318004FA873 /* WeatherListTableViewCell.xib */,
			);
			path = WeatherListView;
			sourceTree = "<group>";
		};
/* End PBXGroup section */

/* Begin PBXNativeTarget section */
		BB01A37D2A782B560063BF1D /* WeatherApp */ = {
			isa = PBXNativeTarget;
			buildConfigurationList = BB01A3922A782B560063BF1D /* Build configuration list for PBXNativeTarget "WeatherApp" */;
			buildPhases = (
				BB01A37A2A782B560063BF1D /* Sources */,
				BB01A37B2A782B560063BF1D /* Frameworks */,
				BB01A37C2A782B560063BF1D /* Resources */,
			);
			buildRules = (
			);
			dependencies = (
			);
			name = WeatherApp;
			productName = WeatherApp;
			productReference = BB01A37E2A782B560063BF1D /* WeatherApp.app */;
			productType = "com.apple.product-type.application";
		};
/* End PBXNativeTarget section */

/* Begin PBXProject section */
		BB01A3762A782B560063BF1D /* Project object */ = {
			isa = PBXProject;
			attributes = {
				BuildIndependentTargetsInParallel = 1;
				LastSwiftUpdateCheck = 1420;
				LastUpgradeCheck = 1420;
				TargetAttributes = {
					BB01A37D2A782B560063BF1D = {
						CreatedOnToolsVersion = 14.2;
					};
				};
			};
			buildConfigurationList = BB01A3792A782B560063BF1D /* Build configuration list for PBXProject "WeatherApp" */;
			compatibilityVersion = "Xcode 14.0";
			developmentRegion = en;
			hasScannedForEncodings = 0;
			knownRegions = (
				en,
				Base,
			);
			mainGroup = BB01A3752A782B550063BF1D;
			productRefGroup = BB01A37F2A782B560063BF1D /* Products */;
			projectDirPath = "";
			projectRoot = "";
			targets = (
				BB01A37D2A782B560063BF1D /* WeatherApp */,
			);
		};
/* End PBXProject section */

/* Begin PBXResourcesBuildPhase section */
		BB01A37C2A782B560063BF1D /* Resources */ = {
			isa = PBXResourcesBuildPhase;
			buildActionMask = 2147483647;
			files = (
				BB9D42122A7A0318004FA873 /* WeatherListTableViewCell.xib in Resources */,
				BB01A38E2A782B560063BF1D /* LaunchScreen.storyboard in Resources */,
				BB01A38B2A782B560063BF1D /* Assets.xcassets in Resources */,
				BB01A3892A782B560063BF1D /* Main.storyboard in Resources */,
			);
			runOnlyForDeploymentPostprocessing = 0;
		};
/* End PBXResourcesBuildPhase section */

/* Begin PBXSourcesBuildPhase section */
		BB01A37A2A782B560063BF1D /* Sources */ = {
			isa = PBXSourcesBuildPhase;
			buildActionMask = 2147483647;
			files = (
				BB9D42112A7A0318004FA873 /* WeatherListTableViewCell.swift in Sources */,
				7099B88A2A7C9233007569BA /* ImageManager.swift in Sources */,
				7099B8852A7C8512007569BA /* LocalDataManager.swift in Sources */,
				BB9D42082A79EE6C004FA873 /* LocationManager.swift in Sources */,
				BB01A3822A782B560063BF1D /* AppDelegate.swift in Sources */,
				7099B8882A7C8C56007569BA /* WeatherModel.swift in Sources */,
				8DC715412A7B544400B77783 /* WeatherViewModel.swift in Sources */,
				BB9D420E2A7A022B004FA873 /* WeatherListViewController.swift in Sources */,
				BB9D42062A78AE05004FA873 /* WeatherViewController.swift in Sources */,
				BB01A3842A782B560063BF1D /* SceneDelegate.swift in Sources */,
			);
			runOnlyForDeploymentPostprocessing = 0;
		};
/* End PBXSourcesBuildPhase section */

/* Begin PBXVariantGroup section */
		BB01A3872A782B560063BF1D /* Main.storyboard */ = {
			isa = PBXVariantGroup;
			children = (
				BB01A3882A782B560063BF1D /* Base */,
			);
			name = Main.storyboard;
			sourceTree = "<group>";
		};
		BB01A38C2A782B560063BF1D /* LaunchScreen.storyboard */ = {
			isa = PBXVariantGroup;
			children = (
				BB01A38D2A782B560063BF1D /* Base */,
			);
			name = LaunchScreen.storyboard;
			sourceTree = "<group>";
		};
/* End PBXVariantGroup section */

/* Begin XCBuildConfiguration section */
		BB01A3902A782B560063BF1D /* Debug */ = {
			isa = XCBuildConfiguration;
			buildSettings = {
				ALWAYS_SEARCH_USER_PATHS = NO;
				CLANG_ANALYZER_NONNULL = YES;
				CLANG_ANALYZER_NUMBER_OBJECT_CONVERSION = YES_AGGRESSIVE;
				CLANG_CXX_LANGUAGE_STANDARD = "gnu++20";
				CLANG_ENABLE_MODULES = YES;
				CLANG_ENABLE_OBJC_ARC = YES;
				CLANG_ENABLE_OBJC_WEAK = YES;
				CLANG_WARN_BLOCK_CAPTURE_AUTORELEASING = YES;
				CLANG_WARN_BOOL_CONVERSION = YES;
				CLANG_WARN_COMMA = YES;
				CLANG_WARN_CONSTANT_CONVERSION = YES;
				CLANG_WARN_DEPRECATED_OBJC_IMPLEMENTATIONS = YES;
				CLANG_WARN_DIRECT_OBJC_ISA_USAGE = YES_ERROR;
				CLANG_WARN_DOCUMENTATION_COMMENTS = YES;
				CLANG_WARN_EMPTY_BODY = YES;
				CLANG_WARN_ENUM_CONVERSION = YES;
				CLANG_WARN_INFINITE_RECURSION = YES;
				CLANG_WARN_INT_CONVERSION = YES;
				CLANG_WARN_NON_LITERAL_NULL_CONVERSION = YES;
				CLANG_WARN_OBJC_IMPLICIT_RETAIN_SELF = YES;
				CLANG_WARN_OBJC_LITERAL_CONVERSION = YES;
				CLANG_WARN_OBJC_ROOT_CLASS = YES_ERROR;
				CLANG_WARN_QUOTED_INCLUDE_IN_FRAMEWORK_HEADER = YES;
				CLANG_WARN_RANGE_LOOP_ANALYSIS = YES;
				CLANG_WARN_STRICT_PROTOTYPES = YES;
				CLANG_WARN_SUSPICIOUS_MOVE = YES;
				CLANG_WARN_UNGUARDED_AVAILABILITY = YES_AGGRESSIVE;
				CLANG_WARN_UNREACHABLE_CODE = YES;
				CLANG_WARN__DUPLICATE_METHOD_MATCH = YES;
				COPY_PHASE_STRIP = NO;
				DEBUG_INFORMATION_FORMAT = dwarf;
				ENABLE_STRICT_OBJC_MSGSEND = YES;
				ENABLE_TESTABILITY = YES;
				GCC_C_LANGUAGE_STANDARD = gnu11;
				GCC_DYNAMIC_NO_PIC = NO;
				GCC_NO_COMMON_BLOCKS = YES;
				GCC_OPTIMIZATION_LEVEL = 0;
				GCC_PREPROCESSOR_DEFINITIONS = (
					"DEBUG=1",
					"$(inherited)",
				);
				GCC_WARN_64_TO_32_BIT_CONVERSION = YES;
				GCC_WARN_ABOUT_RETURN_TYPE = YES_ERROR;
				GCC_WARN_UNDECLARED_SELECTOR = YES;
				GCC_WARN_UNINITIALIZED_AUTOS = YES_AGGRESSIVE;
				GCC_WARN_UNUSED_FUNCTION = YES;
				GCC_WARN_UNUSED_VARIABLE = YES;
				IPHONEOS_DEPLOYMENT_TARGET = 16.2;
				MTL_ENABLE_DEBUG_INFO = INCLUDE_SOURCE;
				MTL_FAST_MATH = YES;
				ONLY_ACTIVE_ARCH = YES;
				SDKROOT = iphoneos;
				SWIFT_ACTIVE_COMPILATION_CONDITIONS = DEBUG;
				SWIFT_OPTIMIZATION_LEVEL = "-Onone";
			};
			name = Debug;
		};
		BB01A3912A782B560063BF1D /* Release */ = {
			isa = XCBuildConfiguration;
			buildSettings = {
				ALWAYS_SEARCH_USER_PATHS = NO;
				CLANG_ANALYZER_NONNULL = YES;
				CLANG_ANALYZER_NUMBER_OBJECT_CONVERSION = YES_AGGRESSIVE;
				CLANG_CXX_LANGUAGE_STANDARD = "gnu++20";
				CLANG_ENABLE_MODULES = YES;
				CLANG_ENABLE_OBJC_ARC = YES;
				CLANG_ENABLE_OBJC_WEAK = YES;
				CLANG_WARN_BLOCK_CAPTURE_AUTORELEASING = YES;
				CLANG_WARN_BOOL_CONVERSION = YES;
				CLANG_WARN_COMMA = YES;
				CLANG_WARN_CONSTANT_CONVERSION = YES;
				CLANG_WARN_DEPRECATED_OBJC_IMPLEMENTATIONS = YES;
				CLANG_WARN_DIRECT_OBJC_ISA_USAGE = YES_ERROR;
				CLANG_WARN_DOCUMENTATION_COMMENTS = YES;
				CLANG_WARN_EMPTY_BODY = YES;
				CLANG_WARN_ENUM_CONVERSION = YES;
				CLANG_WARN_INFINITE_RECURSION = YES;
				CLANG_WARN_INT_CONVERSION = YES;
				CLANG_WARN_NON_LITERAL_NULL_CONVERSION = YES;
				CLANG_WARN_OBJC_IMPLICIT_RETAIN_SELF = YES;
				CLANG_WARN_OBJC_LITERAL_CONVERSION = YES;
				CLANG_WARN_OBJC_ROOT_CLASS = YES_ERROR;
				CLANG_WARN_QUOTED_INCLUDE_IN_FRAMEWORK_HEADER = YES;
				CLANG_WARN_RANGE_LOOP_ANALYSIS = YES;
				CLANG_WARN_STRICT_PROTOTYPES = YES;
				CLANG_WARN_SUSPICIOUS_MOVE = YES;
				CLANG_WARN_UNGUARDED_AVAILABILITY = YES_AGGRESSIVE;
				CLANG_WARN_UNREACHABLE_CODE = YES;
				CLANG_WARN__DUPLICATE_METHOD_MATCH = YES;
				COPY_PHASE_STRIP = NO;
				DEBUG_INFORMATION_FORMAT = "dwarf-with-dsym";
				ENABLE_NS_ASSERTIONS = NO;
				ENABLE_STRICT_OBJC_MSGSEND = YES;
				GCC_C_LANGUAGE_STANDARD = gnu11;
				GCC_NO_COMMON_BLOCKS = YES;
				GCC_WARN_64_TO_32_BIT_CONVERSION = YES;
				GCC_WARN_ABOUT_RETURN_TYPE = YES_ERROR;
				GCC_WARN_UNDECLARED_SELECTOR = YES;
				GCC_WARN_UNINITIALIZED_AUTOS = YES_AGGRESSIVE;
				GCC_WARN_UNUSED_FUNCTION = YES;
				GCC_WARN_UNUSED_VARIABLE = YES;
				IPHONEOS_DEPLOYMENT_TARGET = 16.2;
				MTL_ENABLE_DEBUG_INFO = NO;
				MTL_FAST_MATH = YES;
				SDKROOT = iphoneos;
				SWIFT_COMPILATION_MODE = wholemodule;
				SWIFT_OPTIMIZATION_LEVEL = "-O";
				VALIDATE_PRODUCT = YES;
			};
			name = Release;
		};
		BB01A3932A782B560063BF1D /* Debug */ = {
			isa = XCBuildConfiguration;
			buildSettings = {
				ASSETCATALOG_COMPILER_APPICON_NAME = AppIcon;
				ASSETCATALOG_COMPILER_GLOBAL_ACCENT_COLOR_NAME = AccentColor;
				CODE_SIGN_STYLE = Automatic;
				CURRENT_PROJECT_VERSION = 1;
				GENERATE_INFOPLIST_FILE = YES;
				INFOPLIST_FILE = WeatherApp/Info.plist;
				INFOPLIST_KEY_UIApplicationSupportsIndirectInputEvents = YES;
				INFOPLIST_KEY_UILaunchStoryboardName = LaunchScreen;
				INFOPLIST_KEY_UIMainStoryboardFile = Main;
				INFOPLIST_KEY_UISupportedInterfaceOrientations_iPad = "UIInterfaceOrientationPortrait UIInterfaceOrientationPortraitUpsideDown UIInterfaceOrientationLandscapeLeft UIInterfaceOrientationLandscapeRight";
				INFOPLIST_KEY_UISupportedInterfaceOrientations_iPhone = "UIInterfaceOrientationPortrait UIInterfaceOrientationLandscapeLeft UIInterfaceOrientationLandscapeRight";
				LD_RUNPATH_SEARCH_PATHS = (
					"$(inherited)",
					"@executable_path/Frameworks",
				);
				MARKETING_VERSION = 1.0;
				PRODUCT_BUNDLE_IDENTIFIER = com.example.hamza.WeatherApp;
				PRODUCT_NAME = "$(TARGET_NAME)";
				SWIFT_EMIT_LOC_STRINGS = YES;
				SWIFT_VERSION = 5.0;
				TARGETED_DEVICE_FAMILY = "1,2";
			};
			name = Debug;
		};
		BB01A3942A782B560063BF1D /* Release */ = {
			isa = XCBuildConfiguration;
			buildSettings = {
				ASSETCATALOG_COMPILER_APPICON_NAME = AppIcon;
				ASSETCATALOG_COMPILER_GLOBAL_ACCENT_COLOR_NAME = AccentColor;
				CODE_SIGN_STYLE = Automatic;
				CURRENT_PROJECT_VERSION = 1;
				GENERATE_INFOPLIST_FILE = YES;
				INFOPLIST_FILE = WeatherApp/Info.plist;
				INFOPLIST_KEY_UIApplicationSupportsIndirectInputEvents = YES;
				INFOPLIST_KEY_UILaunchStoryboardName = LaunchScreen;
				INFOPLIST_KEY_UIMainStoryboardFile = Main;
				INFOPLIST_KEY_UISupportedInterfaceOrientations_iPad = "UIInterfaceOrientationPortrait UIInterfaceOrientationPortraitUpsideDown UIInterfaceOrientationLandscapeLeft UIInterfaceOrientationLandscapeRight";
				INFOPLIST_KEY_UISupportedInterfaceOrientations_iPhone = "UIInterfaceOrientationPortrait UIInterfaceOrientationLandscapeLeft UIInterfaceOrientationLandscapeRight";
				LD_RUNPATH_SEARCH_PATHS = (
					"$(inherited)",
					"@executable_path/Frameworks",
				);
				MARKETING_VERSION = 1.0;
				PRODUCT_BUNDLE_IDENTIFIER = com.example.hamza.WeatherApp;
				PRODUCT_NAME = "$(TARGET_NAME)";
				SWIFT_EMIT_LOC_STRINGS = YES;
				SWIFT_VERSION = 5.0;
				TARGETED_DEVICE_FAMILY = "1,2";
			};
			name = Release;
		};
/* End XCBuildConfiguration section */

/* Begin XCConfigurationList section */
		BB01A3792A782B560063BF1D /* Build configuration list for PBXProject "WeatherApp" */ = {
			isa = XCConfigurationList;
			buildConfigurations = (
				BB01A3902A782B560063BF1D /* Debug */,
				BB01A3912A782B560063BF1D /* Release */,
			);
			defaultConfigurationIsVisible = 0;
			defaultConfigurationName = Release;
		};
		BB01A3922A782B560063BF1D /* Build configuration list for PBXNativeTarget "WeatherApp" */ = {
			isa = XCConfigurationList;
			buildConfigurations = (
				BB01A3932A782B560063BF1D /* Debug */,
				BB01A3942A782B560063BF1D /* Release */,
			);
			defaultConfigurationIsVisible = 0;
			defaultConfigurationName = Release;
		};
/* End XCConfigurationList section */
	};
	rootObject = BB01A3762A782B560063BF1D /* Project object */;
}
